
Microsoft Visual Studio Solution File, Format Version 12.00
# Visual Studio Version 16
VisualStudioVersion = 16.0.31410.357
MinimumVisualStudioVersion = 10.0.40219.1
Project("{FAE04EC0-301F-11D3-BF4B-00C04F79EFBC}") = "TL.PCStore", "TL.PCStore\TL.PCStore.csproj", "{B731BEA2-5FE4-4DCE-BE5B-14BED5211B62}"
EndProject
Global
	GlobalSection(SolutionConfigurationPlatforms) = preSolution
		Debug|Any CPU = Debug|Any CPU
		Release|Any CPU = Release|Any CPU
	EndGlobalSection
	GlobalSection(ProjectConfigurationPlatforms) = postSolution
		{B731BEA2-5FE4-4DCE-BE5B-14BED5211B62}.Debug|Any CPU.ActiveCfg = Debug|Any CPU
		{B731BEA2-5FE4-4DCE-BE5B-14BED5211B62}.Debug|Any CPU.Build.0 = Debug|Any CPU
		{B731BEA2-5FE4-4DCE-BE5B-14BED5211B62}.Release|Any CPU.ActiveCfg = Release|Any CPU
		{B731BEA2-5FE4-4DCE-BE5B-14BED5211B62}.Release|Any CPU.Build.0 = Release|Any CPU
	EndGlobalSection
	GlobalSection(SolutionProperties) = preSolution
		HideSolutionNode = FALSE
	EndGlobalSection
	GlobalSection(ExtensibilityGlobals) = postSolution
		SolutionGuid = {3B3EA538-2208-4017-8CE3-1BE104A76404}
	EndGlobalSection
EndGlobal
